
Microsoft Visual Studio Solution File, Format Version 12.00
# Visual Studio Version 16
VisualStudioVersion = 16.0.30804.86
MinimumVisualStudioVersion = 10.0.40219.1
Project("{FAE04EC0-301F-11D3-BF4B-00C04F79EFBC}") = "Bank", "Bank\Bank.csproj", "{22D6C0B0-D074-47DE-BEE8-932B72EB6CC7}"
EndProject
Global
	GlobalSection(SolutionConfigurationPlatforms) = preSolution
		Debug|Any CPU = Debug|Any CPU
		Release|Any CPU = Release|Any CPU
	EndGlobalSection
	GlobalSection(ProjectConfigurationPlatforms) = postSolution
		{22D6C0B0-D074-47DE-BEE8-932B72EB6CC7}.Debug|Any CPU.ActiveCfg = Debug|Any CPU
		{22D6C0B0-D074-47DE-BEE8-932B72EB6CC7}.Debug|Any CPU.Build.0 = Debug|Any CPU
		{22D6C0B0-D074-47DE-BEE8-932B72EB6CC7}.Release|Any CPU.ActiveCfg = Release|Any CPU
		{22D6C0B0-D074-47DE-BEE8-932B72EB6CC7}.Release|Any CPU.Build.0 = Release|Any CPU
	EndGlobalSection
	GlobalSection(SolutionProperties) = preSolution
		HideSolutionNode = FALSE
	EndGlobalSection
	GlobalSection(ExtensibilityGlobals) = postSolution
		SolutionGuid = {51465B5B-7927-451D-9B40-EF77FA1B5CE8}
	EndGlobalSection
EndGlobal
